
Microsoft Visual Studio Solution File, Format Version 12.00
# Visual Studio Version 17
VisualStudioVersion = 17.3.32804.467
MinimumVisualStudioVersion = 10.0.40219.1
Project("{9A19103F-16F7-4668-BE54-9A1E7A4F7556}") = "metotlar", "metotlar\metotlar.csproj", "{F517C970-168C-4EBF-AF1C-55099E2A65A1}"
EndProject
Project("{FAE04EC0-301F-11D3-BF4B-00C04F79EFBC}") = "matematik", "matematik\matematik.csproj", "{8699BC24-1583-405E-BCA3-5B637DBDE55A}"
EndProject
Project("{FAE04EC0-301F-11D3-BF4B-00C04F79EFBC}") = "DegerVeReferansTipler", "DegerVeReferansTipler\DegerVeReferansTipler.csproj", "{6B96FDD2-8857-4DA5-9D61-CE7D62344AF9}"
EndProject
Global
	GlobalSection(SolutionConfigurationPlatforms) = preSolution
		Debug|Any CPU = Debug|Any CPU
		Release|Any CPU = Release|Any CPU
	EndGlobalSection
	GlobalSection(ProjectConfigurationPlatforms) = postSolution
		{F517C970-168C-4EBF-AF1C-55099E2A65A1}.Debug|Any CPU.ActiveCfg = Debug|Any CPU
		{F517C970-168C-4EBF-AF1C-55099E2A65A1}.Debug|Any CPU.Build.0 = Debug|Any CPU
		{F517C970-168C-4EBF-AF1C-55099E2A65A1}.Release|Any CPU.ActiveCfg = Release|Any CPU
		{F517C970-168C-4EBF-AF1C-55099E2A65A1}.Release|Any CPU.Build.0 = Release|Any CPU
		{8699BC24-1583-405E-BCA3-5B637DBDE55A}.Debug|Any CPU.ActiveCfg = Debug|Any CPU
		{8699BC24-1583-405E-BCA3-5B637DBDE55A}.Debug|Any CPU.Build.0 = Debug|Any CPU
		{8699BC24-1583-405E-BCA3-5B637DBDE55A}.Release|Any CPU.ActiveCfg = Release|Any CPU
		{8699BC24-1583-405E-BCA3-5B637DBDE55A}.Release|Any CPU.Build.0 = Release|Any CPU
		{6B96FDD2-8857-4DA5-9D61-CE7D62344AF9}.Debug|Any CPU.ActiveCfg = Debug|Any CPU
		{6B96FDD2-8857-4DA5-9D61-CE7D62344AF9}.Debug|Any CPU.Build.0 = Debug|Any CPU
		{6B96FDD2-8857-4DA5-9D61-CE7D62344AF9}.Release|Any CPU.ActiveCfg = Release|Any CPU
		{6B96FDD2-8857-4DA5-9D61-CE7D62344AF9}.Release|Any CPU.Build.0 = Release|Any CPU
	EndGlobalSection
	GlobalSection(SolutionProperties) = preSolution
		HideSolutionNode = FALSE
	EndGlobalSection
	GlobalSection(ExtensibilityGlobals) = postSolution
		SolutionGuid = {E9037D52-B2D1-4A00-AAF6-715697EDF6BA}
	EndGlobalSection
EndGlobal
